
Microsoft Visual Studio Solution File, Format Version 12.00
# Visual Studio 2012
Project("{FAE04EC0-301F-11D3-BF4B-00C04F79EFBC}") = "Kalkulatorfroms", "Kalkulatorfroms\Kalkulatorfroms.csproj", "{ADD495E7-676F-41CD-8C5B-5B866A6F0124}"
EndProject
Project("{FAE04EC0-301F-11D3-BF4B-00C04F79EFBC}") = "WindowsFormsApplication1", "WindowsFormsApplication1\WindowsFormsApplication1.csproj", "{F97418A4-D729-432F-BEC9-AB9DE27936AB}"
EndProject
Global
	GlobalSection(SolutionConfigurationPlatforms) = preSolution
		Debug|Any CPU = Debug|Any CPU
		Release|Any CPU = Release|Any CPU
	EndGlobalSection
	GlobalSection(ProjectConfigurationPlatforms) = postSolution
		{ADD495E7-676F-41CD-8C5B-5B866A6F0124}.Debug|Any CPU.ActiveCfg = Debug|Any CPU
		{ADD495E7-676F-41CD-8C5B-5B866A6F0124}.Debug|Any CPU.Build.0 = Debug|Any CPU
		{ADD495E7-676F-41CD-8C5B-5B866A6F0124}.Release|Any CPU.ActiveCfg = Release|Any CPU
		{ADD495E7-676F-41CD-8C5B-5B866A6F0124}.Release|Any CPU.Build.0 = Release|Any CPU
		{F97418A4-D729-432F-BEC9-AB9DE27936AB}.Debug|Any CPU.ActiveCfg = Debug|Any CPU
		{F97418A4-D729-432F-BEC9-AB9DE27936AB}.Debug|Any CPU.Build.0 = Debug|Any CPU
		{F97418A4-D729-432F-BEC9-AB9DE27936AB}.Release|Any CPU.ActiveCfg = Release|Any CPU
		{F97418A4-D729-432F-BEC9-AB9DE27936AB}.Release|Any CPU.Build.0 = Release|Any CPU
	EndGlobalSection
	GlobalSection(SolutionProperties) = preSolution
		HideSolutionNode = FALSE
	EndGlobalSection
EndGlobal
